
Microsoft Visual Studio Solution File, Format Version 12.00
# Visual Studio Version 17
VisualStudioVersion = 17.13.35913.81
MinimumVisualStudioVersion = 10.0.40219.1
Project("{FAE04EC0-301F-11D3-BF4B-00C04F79EFBC}") = "ConsoleApp10", "ConsoleApp10.csproj", "{1031D01F-C145-4E38-8C3C-52C8A17D1D34}"
EndProject
Project("{FAE04EC0-301F-11D3-BF4B-00C04F79EFBC}") = "TestProject3", "..\TestProject3\TestProject3.csproj", "{AEDF3824-6F26-4BB5-80BA-E774BA066D72}"
EndProject
Global
	GlobalSection(SolutionConfigurationPlatforms) = preSolution
		Debug|Any CPU = Debug|Any CPU
		Release|Any CPU = Release|Any CPU
	EndGlobalSection
	GlobalSection(ProjectConfigurationPlatforms) = postSolution
		{1031D01F-C145-4E38-8C3C-52C8A17D1D34}.Debug|Any CPU.ActiveCfg = Debug|Any CPU
		{1031D01F-C145-4E38-8C3C-52C8A17D1D34}.Debug|Any CPU.Build.0 = Debug|Any CPU
		{1031D01F-C145-4E38-8C3C-52C8A17D1D34}.Release|Any CPU.ActiveCfg = Release|Any CPU
		{1031D01F-C145-4E38-8C3C-52C8A17D1D34}.Release|Any CPU.Build.0 = Release|Any CPU
		{AEDF3824-6F26-4BB5-80BA-E774BA066D72}.Debug|Any CPU.ActiveCfg = Debug|Any CPU
		{AEDF3824-6F26-4BB5-80BA-E774BA066D72}.Debug|Any CPU.Build.0 = Debug|Any CPU
		{AEDF3824-6F26-4BB5-80BA-E774BA066D72}.Release|Any CPU.ActiveCfg = Release|Any CPU
		{AEDF3824-6F26-4BB5-80BA-E774BA066D72}.Release|Any CPU.Build.0 = Release|Any CPU
	EndGlobalSection
	GlobalSection(SolutionProperties) = preSolution
		HideSolutionNode = FALSE
	EndGlobalSection
	GlobalSection(ExtensibilityGlobals) = postSolution
		SolutionGuid = {8302513E-B42C-4ADF-8B9E-EC2A140B1C0F}
	EndGlobalSection
EndGlobal
